
Microsoft Visual Studio Solution File, Format Version 12.00
# Visual Studio Version 17
VisualStudioVersion = 17.5.33502.453
MinimumVisualStudioVersion = 10.0.40219.1
Project("{FAE04EC0-301F-11D3-BF4B-00C04F79EFBC}") = "Player", "Player\Player.csproj", "{22E6BE09-91FC-495F-99B8-F4FCA5CFF91E}"
EndProject
Global
	GlobalSection(SolutionConfigurationPlatforms) = preSolution
		Debug|Any CPU = Debug|Any CPU
		Release|Any CPU = Release|Any CPU
	EndGlobalSection
	GlobalSection(ProjectConfigurationPlatforms) = postSolution
		{22E6BE09-91FC-495F-99B8-F4FCA5CFF91E}.Debug|Any CPU.ActiveCfg = Debug|Any CPU
		{22E6BE09-91FC-495F-99B8-F4FCA5CFF91E}.Debug|Any CPU.Build.0 = Debug|Any CPU
		{22E6BE09-91FC-495F-99B8-F4FCA5CFF91E}.Release|Any CPU.ActiveCfg = Release|Any CPU
		{22E6BE09-91FC-495F-99B8-F4FCA5CFF91E}.Release|Any CPU.Build.0 = Release|Any CPU
	EndGlobalSection
	GlobalSection(SolutionProperties) = preSolution
		HideSolutionNode = FALSE
	EndGlobalSection
	GlobalSection(ExtensibilityGlobals) = postSolution
		SolutionGuid = {249A9721-5591-4C5C-9AC9-1C76082908B4}
	EndGlobalSection
EndGlobal
